{
  "requires": true,
  "lockfileVersion": 1,
  "dependencies": {
    "htmlencode": {
      "version": "0.0.4",
      "resolved": "https://registry.npmjs.org/htmlencode/-/htmlencode-0.0.4.tgz",
      "integrity": "sha1-9+LWr74YqHp45jujMI51N2Z0Dj8="
    },
    "shell-argument-escape": {
      "version": "0.1.2",
      "resolved": "https://registry.npmjs.org/shell-argument-escape/-/shell-argument-escape-0.1.2.tgz",
      "integrity": "sha512-5Yd1Q3EEk5Tb5ru+VODJrn3iWF1UxlUITEoWhb/DNIV0b9hyf8eBfqUpn1/JZplLvIxbgfrYNC1+Zz1st5Ywnw=="
    }
  }
}
